
Microsoft Visual Studio Solution File, Format Version 12.00
# Visual Studio 15
VisualStudioVersion = 15.0.28307.1082
MinimumVisualStudioVersion = 10.0.40219.1
Project("{FAE04EC0-301F-11D3-BF4B-00C04F79EFBC}") = "TrackerLibrary", "TrackerLibrary\TrackerLibrary.csproj", "{6F182493-8558-4469-9B2A-583B58F6CD6C}"
EndProject
Project("{FAE04EC0-301F-11D3-BF4B-00C04F79EFBC}") = "TrackerUI", "TrackerUI\TrackerUI.csproj", "{1C954D01-1A41-4EF6-9542-856D89BDEDF8}"
EndProject
Global
	GlobalSection(SolutionConfigurationPlatforms) = preSolution
		Debug|Any CPU = Debug|Any CPU
		Release|Any CPU = Release|Any CPU
	EndGlobalSection
	GlobalSection(ProjectConfigurationPlatforms) = postSolution
		{6F182493-8558-4469-9B2A-583B58F6CD6C}.Debug|Any CPU.ActiveCfg = Debug|Any CPU
		{6F182493-8558-4469-9B2A-583B58F6CD6C}.Debug|Any CPU.Build.0 = Debug|Any CPU
		{6F182493-8558-4469-9B2A-583B58F6CD6C}.Release|Any CPU.ActiveCfg = Release|Any CPU
		{6F182493-8558-4469-9B2A-583B58F6CD6C}.Release|Any CPU.Build.0 = Release|Any CPU
		{1C954D01-1A41-4EF6-9542-856D89BDEDF8}.Debug|Any CPU.ActiveCfg = Debug|Any CPU
		{1C954D01-1A41-4EF6-9542-856D89BDEDF8}.Debug|Any CPU.Build.0 = Debug|Any CPU
		{1C954D01-1A41-4EF6-9542-856D89BDEDF8}.Release|Any CPU.ActiveCfg = Release|Any CPU
		{1C954D01-1A41-4EF6-9542-856D89BDEDF8}.Release|Any CPU.Build.0 = Release|Any CPU
	EndGlobalSection
	GlobalSection(SolutionProperties) = preSolution
		HideSolutionNode = FALSE
	EndGlobalSection
	GlobalSection(ExtensibilityGlobals) = postSolution
		SolutionGuid = {68756CFD-EA9A-4D7A-8FD9-61C37E88E71C}
	EndGlobalSection
EndGlobal
